{
  "name": "worker",
  "version": "1.0.0",
  "lockfileVersion": 1,
  "requires": true,
  "dependencies": {
    "prettier": {
      "version": "1.19.1",
      "resolved": "https://registry.npmjs.org/prettier/-/prettier-1.19.1.tgz",
      "integrity": "sha512-s7PoyDv/II1ObgQunCbB9PdLmUcBZcnWOcxDh7O0N/UwDEsHyqkW+Qh28jW+mVuCdx7gLB0BotYI1Y6uI9iyew==",
      "dev": true
    },
    "scalemodel": {
      "version": "0.1.0",
      "resolved": "https://registry.npmjs.org/scalemodel/-/scalemodel-0.1.0.tgz",
      "integrity": "sha512-FTaQDEKaYvYP/txiK5kepVVYBYceXbt0ig/XxrUdIqZXofRSK+zLO6blPV6Id/s/fqTgKwoTUsWY5aYBZjJGjA=="
    },
    "yieldcss": {
      "version": "0.1.0",
      "resolved": "https://registry.npmjs.org/yieldcss/-/yieldcss-0.1.0.tgz",
      "integrity": "sha512-y8Zr4n0GhMm10UGvsdJxgJJNXMLTrfhuj5n7BhkU8dv17wCW2Dnz00ulCtdlZKnp/ythfZgPHgrQXKdUwtPZZA=="
    },
    "yieldmarkup": {
      "version": "0.1.0",
      "resolved": "https://registry.npmjs.org/yieldmarkup/-/yieldmarkup-0.1.0.tgz",
      "integrity": "sha512-d3se7/QTYlE5Ka9miAQseKMkbxHaBaJKRtzjYv5ShvBh5/lQyISkMqQZWZ2uNxFNf0ZPEKA6sBdMvoWsfiibnQ=="
    }
  }
}
